
Microsoft Visual Studio Solution File, Format Version 12.00
# Visual Studio Version 17
VisualStudioVersion = 17.2.32519.379
MinimumVisualStudioVersion = 10.0.40219.1
Project("{FAE04EC0-301F-11D3-BF4B-00C04F79EFBC}") = "NuGetPractice", "NuGetPractice\NuGetPractice.csproj", "{D32F61E7-3F96-4FA9-A601-FCF145A1FEBA}"
EndProject
Global
	GlobalSection(SolutionConfigurationPlatforms) = preSolution
		Debug|Any CPU = Debug|Any CPU
		Release|Any CPU = Release|Any CPU
	EndGlobalSection
	GlobalSection(ProjectConfigurationPlatforms) = postSolution
		{D32F61E7-3F96-4FA9-A601-FCF145A1FEBA}.Debug|Any CPU.ActiveCfg = Debug|Any CPU
		{D32F61E7-3F96-4FA9-A601-FCF145A1FEBA}.Debug|Any CPU.Build.0 = Debug|Any CPU
		{D32F61E7-3F96-4FA9-A601-FCF145A1FEBA}.Release|Any CPU.ActiveCfg = Release|Any CPU
		{D32F61E7-3F96-4FA9-A601-FCF145A1FEBA}.Release|Any CPU.Build.0 = Release|Any CPU
	EndGlobalSection
	GlobalSection(SolutionProperties) = preSolution
		HideSolutionNode = FALSE
	EndGlobalSection
	GlobalSection(ExtensibilityGlobals) = postSolution
		SolutionGuid = {F2DFE573-56E7-49A1-AC9C-0CA9002A48E3}
	EndGlobalSection
EndGlobal
